Microsoft Visual Studio Solution File, Format Version 11.00
# Visual Studio 2010
Project("{8BC9CEB8-8B4A-11D0-8D11-00A0C91BC942}") = "Examples osgviewerSDL2EmscriptenSTATIC", "examples\osgviewerSDL2EmscriptenSTATIC\example_osgviewerSDL2EmscriptenSTATIC.vcxproj", "{E52AA6D6-0C42-4C96-B85F-7AD925443D8F}"
	ProjectSection(ProjectDependencies) = postProject
		{32CCA070-88AE-4411-B29E-D247ED481050} = {32CCA070-88AE-4411-B29E-D247ED481050}
		{ED86D43E-2EC2-4F28-B85A-DC5349D7B6D9} = {ED86D43E-2EC2-4F28-B85A-DC5349D7B6D9}
		{68D567B8-0B5B-4323-8650-78631108FC42} = {68D567B8-0B5B-4323-8650-78631108FC42}
		{7A5C1FC0-1FFE-42FD-8D2F-8FEF726636D3} = {7A5C1FC0-1FFE-42FD-8D2F-8FEF726636D3}
		{598668A3-EA7F-4ABF-BC60-B5BDAB1AC2BF} = {598668A3-EA7F-4ABF-BC60-B5BDAB1AC2BF}
	EndProjectSection
EndProject
Project("{8BC9CEB8-8B4A-11D0-8D11-00A0C91BC942}") = "osg", "src\osg\osg.vcxproj", "{32CCA070-88AE-4411-B29E-D247ED481050}"
EndProject
Project("{8BC9CEB8-8B4A-11D0-8D11-00A0C91BC942}") = "osgDB", "src\osgDB\osgDB.vcxproj", "{ED86D43E-2EC2-4F28-B85A-DC5349D7B6D9}"
	ProjectSection(ProjectDependencies) = postProject
		{32CCA070-88AE-4411-B29E-D247ED481050} = {32CCA070-88AE-4411-B29E-D247ED481050}
		{7A5C1FC0-1FFE-42FD-8D2F-8FEF726636D3} = {7A5C1FC0-1FFE-42FD-8D2F-8FEF726636D3}
	EndProjectSection
EndProject
Project("{8BC9CEB8-8B4A-11D0-8D11-00A0C91BC942}") = "osgGA", "src\osgGA\osgGA.vcxproj", "{68D567B8-0B5B-4323-8650-78631108FC42}"
	ProjectSection(ProjectDependencies) = postProject
		{32CCA070-88AE-4411-B29E-D247ED481050} = {32CCA070-88AE-4411-B29E-D247ED481050}
		{ED86D43E-2EC2-4F28-B85A-DC5349D7B6D9} = {ED86D43E-2EC2-4F28-B85A-DC5349D7B6D9}
		{7A5C1FC0-1FFE-42FD-8D2F-8FEF726636D3} = {7A5C1FC0-1FFE-42FD-8D2F-8FEF726636D3}
	EndProjectSection
EndProject
Project("{8BC9CEB8-8B4A-11D0-8D11-00A0C91BC942}") = "osgManipulator", "src\osgManipulator\osgManipulator.vcxproj", "{4F82F47F-32B8-493B-B201-A31398A1CCB8}"
	ProjectSection(ProjectDependencies) = postProject
		{32CCA070-88AE-4411-B29E-D247ED481050} = {32CCA070-88AE-4411-B29E-D247ED481050}
		{ED86D43E-2EC2-4F28-B85A-DC5349D7B6D9} = {ED86D43E-2EC2-4F28-B85A-DC5349D7B6D9}
		{68D567B8-0B5B-4323-8650-78631108FC42} = {68D567B8-0B5B-4323-8650-78631108FC42}
		{7A5C1FC0-1FFE-42FD-8D2F-8FEF726636D3} = {7A5C1FC0-1FFE-42FD-8D2F-8FEF726636D3}
		{598668A3-EA7F-4ABF-BC60-B5BDAB1AC2BF} = {598668A3-EA7F-4ABF-BC60-B5BDAB1AC2BF}
	EndProjectSection
EndProject
Project("{8BC9CEB8-8B4A-11D0-8D11-00A0C91BC942}") = "osgUtil", "src\osgUtil\osgUtil.vcxproj", "{7A5C1FC0-1FFE-42FD-8D2F-8FEF726636D3}"
	ProjectSection(ProjectDependencies) = postProject
		{32CCA070-88AE-4411-B29E-D247ED481050} = {32CCA070-88AE-4411-B29E-D247ED481050}
	EndProjectSection
EndProject
Project("{8BC9CEB8-8B4A-11D0-8D11-00A0C91BC942}") = "osgViewer", "src\osgViewer\osgViewer.vcxproj", "{598668A3-EA7F-4ABF-BC60-B5BDAB1AC2BF}"
	ProjectSection(ProjectDependencies) = postProject
		{32CCA070-88AE-4411-B29E-D247ED481050} = {32CCA070-88AE-4411-B29E-D247ED481050}
		{ED86D43E-2EC2-4F28-B85A-DC5349D7B6D9} = {ED86D43E-2EC2-4F28-B85A-DC5349D7B6D9}
		{68D567B8-0B5B-4323-8650-78631108FC42} = {68D567B8-0B5B-4323-8650-78631108FC42}
		{7A5C1FC0-1FFE-42FD-8D2F-8FEF726636D3} = {7A5C1FC0-1FFE-42FD-8D2F-8FEF726636D3}
	EndProjectSection
EndProject
Project("{2150E333-8FDC-42A3-9474-1A3956D46DE8}") = "Examples", "Examples", "{B71639A8-D3B3-4C77-92D3-2308C7BDF651}"
EndProject
Project("{2150E333-8FDC-42A3-9474-1A3956D46DE8}") = "OSG Core", "OSG Core", "{A2FC00F8-E83D-4CD2-8004-0A53AB5B0D9A}"
EndProject
Global
	GlobalSection(SolutionConfigurationPlatforms) = preSolution
		Debug|Emscripten = Debug|Emscripten
		Debug|Win32 = Debug|Win32
		MinSizeRel|Emscripten = MinSizeRel|Emscripten
		MinSizeRel|Win32 = MinSizeRel|Win32
		Release|Emscripten = Release|Emscripten
		Release|Win32 = Release|Win32
		RelWithDebInfo|Emscripten = RelWithDebInfo|Emscripten
		RelWithDebInfo|Win32 = RelWithDebInfo|Win32
	EndGlobalSection
	GlobalSection(ProjectConfigurationPlatforms) = postSolution
		{E52AA6D6-0C42-4C96-B85F-7AD925443D8F}.Debug|Emscripten.ActiveCfg = Debug|Emscripten
		{E52AA6D6-0C42-4C96-B85F-7AD925443D8F}.Debug|Win32.ActiveCfg = Debug|Win32
		{E52AA6D6-0C42-4C96-B85F-7AD925443D8F}.Debug|Win32.Build.0 = Debug|Win32
		{E52AA6D6-0C42-4C96-B85F-7AD925443D8F}.MinSizeRel|Emscripten.ActiveCfg = Release|Emscripten
		{E52AA6D6-0C42-4C96-B85F-7AD925443D8F}.MinSizeRel|Emscripten.Build.0 = Release|Emscripten
		{E52AA6D6-0C42-4C96-B85F-7AD925443D8F}.MinSizeRel|Win32.ActiveCfg = Release|Emscripten
		{E52AA6D6-0C42-4C96-B85F-7AD925443D8F}.Release|Emscripten.ActiveCfg = Release|Emscripten
		{E52AA6D6-0C42-4C96-B85F-7AD925443D8F}.Release|Emscripten.Build.0 = Release|Emscripten
		{E52AA6D6-0C42-4C96-B85F-7AD925443D8F}.Release|Win32.ActiveCfg = Release|Win32
		{E52AA6D6-0C42-4C96-B85F-7AD925443D8F}.Release|Win32.Build.0 = Release|Win32
		{E52AA6D6-0C42-4C96-B85F-7AD925443D8F}.RelWithDebInfo|Emscripten.ActiveCfg = Release|Emscripten
		{E52AA6D6-0C42-4C96-B85F-7AD925443D8F}.RelWithDebInfo|Emscripten.Build.0 = Release|Emscripten
		{E52AA6D6-0C42-4C96-B85F-7AD925443D8F}.RelWithDebInfo|Win32.ActiveCfg = Release|Emscripten
		{32CCA070-88AE-4411-B29E-D247ED481050}.Debug|Emscripten.ActiveCfg = Debug|Emscripten
		{32CCA070-88AE-4411-B29E-D247ED481050}.Debug|Emscripten.Build.0 = Debug|Emscripten
		{32CCA070-88AE-4411-B29E-D247ED481050}.Debug|Win32.ActiveCfg = Debug|Win32
		{32CCA070-88AE-4411-B29E-D247ED481050}.Debug|Win32.Build.0 = Debug|Win32
		{32CCA070-88AE-4411-B29E-D247ED481050}.MinSizeRel|Emscripten.ActiveCfg = Release|Win32
		{32CCA070-88AE-4411-B29E-D247ED481050}.MinSizeRel|Win32.ActiveCfg = Release|Win32
		{32CCA070-88AE-4411-B29E-D247ED481050}.MinSizeRel|Win32.Build.0 = Release|Win32
		{32CCA070-88AE-4411-B29E-D247ED481050}.Release|Emscripten.ActiveCfg = Release|Emscripten
		{32CCA070-88AE-4411-B29E-D247ED481050}.Release|Emscripten.Build.0 = Release|Emscripten
		{32CCA070-88AE-4411-B29E-D247ED481050}.Release|Win32.ActiveCfg = Release|Win32
		{32CCA070-88AE-4411-B29E-D247ED481050}.Release|Win32.Build.0 = Release|Win32
		{32CCA070-88AE-4411-B29E-D247ED481050}.RelWithDebInfo|Emscripten.ActiveCfg = Release|Win32
		{32CCA070-88AE-4411-B29E-D247ED481050}.RelWithDebInfo|Win32.ActiveCfg = Release|Win32
		{32CCA070-88AE-4411-B29E-D247ED481050}.RelWithDebInfo|Win32.Build.0 = Release|Win32
		{ED86D43E-2EC2-4F28-B85A-DC5349D7B6D9}.Debug|Emscripten.ActiveCfg = Debug|Emscripten
		{ED86D43E-2EC2-4F28-B85A-DC5349D7B6D9}.Debug|Emscripten.Build.0 = Debug|Emscripten
		{ED86D43E-2EC2-4F28-B85A-DC5349D7B6D9}.Debug|Win32.ActiveCfg = Debug|Win32
		{ED86D43E-2EC2-4F28-B85A-DC5349D7B6D9}.Debug|Win32.Build.0 = Debug|Win32
		{ED86D43E-2EC2-4F28-B85A-DC5349D7B6D9}.MinSizeRel|Emscripten.ActiveCfg = Release|Win32
		{ED86D43E-2EC2-4F28-B85A-DC5349D7B6D9}.MinSizeRel|Win32.ActiveCfg = Release|Win32
		{ED86D43E-2EC2-4F28-B85A-DC5349D7B6D9}.MinSizeRel|Win32.Build.0 = Release|Win32
		{ED86D43E-2EC2-4F28-B85A-DC5349D7B6D9}.Release|Emscripten.ActiveCfg = Release|Emscripten
		{ED86D43E-2EC2-4F28-B85A-DC5349D7B6D9}.Release|Emscripten.Build.0 = Release|Emscripten
		{ED86D43E-2EC2-4F28-B85A-DC5349D7B6D9}.Release|Win32.ActiveCfg = Release|Win32
		{ED86D43E-2EC2-4F28-B85A-DC5349D7B6D9}.Release|Win32.Build.0 = Release|Win32
		{ED86D43E-2EC2-4F28-B85A-DC5349D7B6D9}.RelWithDebInfo|Emscripten.ActiveCfg = Release|Win32
		{ED86D43E-2EC2-4F28-B85A-DC5349D7B6D9}.RelWithDebInfo|Win32.ActiveCfg = Release|Win32
		{ED86D43E-2EC2-4F28-B85A-DC5349D7B6D9}.RelWithDebInfo|Win32.Build.0 = Release|Win32
		{68D567B8-0B5B-4323-8650-78631108FC42}.Debug|Emscripten.ActiveCfg = Debug|Emscripten
		{68D567B8-0B5B-4323-8650-78631108FC42}.Debug|Emscripten.Build.0 = Debug|Emscripten
		{68D567B8-0B5B-4323-8650-78631108FC42}.Debug|Win32.ActiveCfg = Debug|Win32
		{68D567B8-0B5B-4323-8650-78631108FC42}.Debug|Win32.Build.0 = Debug|Win32
		{68D567B8-0B5B-4323-8650-78631108FC42}.MinSizeRel|Emscripten.ActiveCfg = Release|Win32
		{68D567B8-0B5B-4323-8650-78631108FC42}.MinSizeRel|Win32.ActiveCfg = Release|Win32
		{68D567B8-0B5B-4323-8650-78631108FC42}.MinSizeRel|Win32.Build.0 = Release|Win32
		{68D567B8-0B5B-4323-8650-78631108FC42}.Release|Emscripten.ActiveCfg = Release|Emscripten
		{68D567B8-0B5B-4323-8650-78631108FC42}.Release|Emscripten.Build.0 = Release|Emscripten
		{68D567B8-0B5B-4323-8650-78631108FC42}.Release|Win32.ActiveCfg = Release|Win32
		{68D567B8-0B5B-4323-8650-78631108FC42}.Release|Win32.Build.0 = Release|Win32
		{68D567B8-0B5B-4323-8650-78631108FC42}.RelWithDebInfo|Emscripten.ActiveCfg = Release|Win32
		{68D567B8-0B5B-4323-8650-78631108FC42}.RelWithDebInfo|Win32.ActiveCfg = Release|Win32
		{68D567B8-0B5B-4323-8650-78631108FC42}.RelWithDebInfo|Win32.Build.0 = Release|Win32
		{4F82F47F-32B8-493B-B201-A31398A1CCB8}.Debug|Emscripten.ActiveCfg = Debug|Emscripten
		{4F82F47F-32B8-493B-B201-A31398A1CCB8}.Debug|Emscripten.Build.0 = Debug|Emscripten
		{4F82F47F-32B8-493B-B201-A31398A1CCB8}.Debug|Win32.ActiveCfg = Debug|Win32
		{4F82F47F-32B8-493B-B201-A31398A1CCB8}.Debug|Win32.Build.0 = Debug|Win32
		{4F82F47F-32B8-493B-B201-A31398A1CCB8}.MinSizeRel|Emscripten.ActiveCfg = Release|Win32
		{4F82F47F-32B8-493B-B201-A31398A1CCB8}.MinSizeRel|Win32.ActiveCfg = Release|Win32
		{4F82F47F-32B8-493B-B201-A31398A1CCB8}.MinSizeRel|Win32.Build.0 = Release|Win32
		{4F82F47F-32B8-493B-B201-A31398A1CCB8}.Release|Emscripten.ActiveCfg = Release|Emscripten
		{4F82F47F-32B8-493B-B201-A31398A1CCB8}.Release|Emscripten.Build.0 = Release|Emscripten
		{4F82F47F-32B8-493B-B201-A31398A1CCB8}.Release|Win32.ActiveCfg = Release|Win32
		{4F82F47F-32B8-493B-B201-A31398A1CCB8}.Release|Win32.Build.0 = Release|Win32
		{4F82F47F-32B8-493B-B201-A31398A1CCB8}.RelWithDebInfo|Emscripten.ActiveCfg = Release|Win32
		{4F82F47F-32B8-493B-B201-A31398A1CCB8}.RelWithDebInfo|Win32.ActiveCfg = Release|Win32
		{4F82F47F-32B8-493B-B201-A31398A1CCB8}.RelWithDebInfo|Win32.Build.0 = Release|Win32
		{7A5C1FC0-1FFE-42FD-8D2F-8FEF726636D3}.Debug|Emscripten.ActiveCfg = Debug|Emscripten
		{7A5C1FC0-1FFE-42FD-8D2F-8FEF726636D3}.Debug|Emscripten.Build.0 = Debug|Emscripten
		{7A5C1FC0-1FFE-42FD-8D2F-8FEF726636D3}.Debug|Win32.ActiveCfg = Debug|Win32
		{7A5C1FC0-1FFE-42FD-8D2F-8FEF726636D3}.Debug|Win32.Build.0 = Debug|Win32
		{7A5C1FC0-1FFE-42FD-8D2F-8FEF726636D3}.MinSizeRel|Emscripten.ActiveCfg = Release|Win32
		{7A5C1FC0-1FFE-42FD-8D2F-8FEF726636D3}.MinSizeRel|Win32.ActiveCfg = Release|Win32
		{7A5C1FC0-1FFE-42FD-8D2F-8FEF726636D3}.MinSizeRel|Win32.Build.0 = Release|Win32
		{7A5C1FC0-1FFE-42FD-8D2F-8FEF726636D3}.Release|Emscripten.ActiveCfg = Release|Emscripten
		{7A5C1FC0-1FFE-42FD-8D2F-8FEF726636D3}.Release|Emscripten.Build.0 = Release|Emscripten
		{7A5C1FC0-1FFE-42FD-8D2F-8FEF726636D3}.Release|Win32.ActiveCfg = Release|Win32
		{7A5C1FC0-1FFE-42FD-8D2F-8FEF726636D3}.Release|Win32.Build.0 = Release|Win32
		{7A5C1FC0-1FFE-42FD-8D2F-8FEF726636D3}.RelWithDebInfo|Emscripten.ActiveCfg = Release|Win32
		{7A5C1FC0-1FFE-42FD-8D2F-8FEF726636D3}.RelWithDebInfo|Win32.ActiveCfg = Release|Win32
		{7A5C1FC0-1FFE-42FD-8D2F-8FEF726636D3}.RelWithDebInfo|Win32.Build.0 = Release|Win32
		{598668A3-EA7F-4ABF-BC60-B5BDAB1AC2BF}.Debug|Emscripten.ActiveCfg = Debug|Emscripten
		{598668A3-EA7F-4ABF-BC60-B5BDAB1AC2BF}.Debug|Emscripten.Build.0 = Debug|Emscripten
		{598668A3-EA7F-4ABF-BC60-B5BDAB1AC2BF}.Debug|Win32.ActiveCfg = Debug|Win32
		{598668A3-EA7F-4ABF-BC60-B5BDAB1AC2BF}.Debug|Win32.Build.0 = Debug|Win32
		{598668A3-EA7F-4ABF-BC60-B5BDAB1AC2BF}.MinSizeRel|Emscripten.ActiveCfg = Release|Win32
		{598668A3-EA7F-4ABF-BC60-B5BDAB1AC2BF}.MinSizeRel|Win32.ActiveCfg = Release|Win32
		{598668A3-EA7F-4ABF-BC60-B5BDAB1AC2BF}.MinSizeRel|Win32.Build.0 = Release|Win32
		{598668A3-EA7F-4ABF-BC60-B5BDAB1AC2BF}.Release|Emscripten.ActiveCfg = Release|Emscripten
		{598668A3-EA7F-4ABF-BC60-B5BDAB1AC2BF}.Release|Emscripten.Build.0 = Release|Emscripten
		{598668A3-EA7F-4ABF-BC60-B5BDAB1AC2BF}.Release|Win32.ActiveCfg = Release|Win32
		{598668A3-EA7F-4ABF-BC60-B5BDAB1AC2BF}.Release|Win32.Build.0 = Release|Win32
		{598668A3-EA7F-4ABF-BC60-B5BDAB1AC2BF}.RelWithDebInfo|Emscripten.ActiveCfg = Release|Win32
		{598668A3-EA7F-4ABF-BC60-B5BDAB1AC2BF}.RelWithDebInfo|Win32.ActiveCfg = Release|Win32
		{598668A3-EA7F-4ABF-BC60-B5BDAB1AC2BF}.RelWithDebInfo|Win32.Build.0 = Release|Win32
	EndGlobalSection
	GlobalSection(SolutionProperties) = preSolution
		HideSolutionNode = FALSE
	EndGlobalSection
	GlobalSection(NestedProjects) = preSolution
		{E52AA6D6-0C42-4C96-B85F-7AD925443D8F} = {B71639A8-D3B3-4C77-92D3-2308C7BDF651}
		{ED86D43E-2EC2-4F28-B85A-DC5349D7B6D9} = {A2FC00F8-E83D-4CD2-8004-0A53AB5B0D9A}
		{68D567B8-0B5B-4323-8650-78631108FC42} = {A2FC00F8-E83D-4CD2-8004-0A53AB5B0D9A}
		{4F82F47F-32B8-493B-B201-A31398A1CCB8} = {A2FC00F8-E83D-4CD2-8004-0A53AB5B0D9A}
		{7A5C1FC0-1FFE-42FD-8D2F-8FEF726636D3} = {A2FC00F8-E83D-4CD2-8004-0A53AB5B0D9A}
		{598668A3-EA7F-4ABF-BC60-B5BDAB1AC2BF} = {A2FC00F8-E83D-4CD2-8004-0A53AB5B0D9A}
		{32CCA070-88AE-4411-B29E-D247ED481050} = {A2FC00F8-E83D-4CD2-8004-0A53AB5B0D9A}
	EndGlobalSection
EndGlobal
